
Microsoft Visual Studio Solution File, Format Version 12.00
# Visual Studio Version 16
VisualStudioVersion = 16.0.33529.622
MinimumVisualStudioVersion = 10.0.40219.1
Project("{FAE04EC0-301F-11D3-BF4B-00C04F79EFBC}") = "SetUp", "SetUp.csproj", "{37AFFF14-3DA7-4912-91B6-3C181B78C0DF}"
EndProject
Project("{FAE04EC0-301F-11D3-BF4B-00C04F79EFBC}") = "Connection", "connection\Connection.csproj", "{89A3110F-9BEF-44BD-AE5D-2ABBD7D7A676}"
EndProject
Project("{FAE04EC0-301F-11D3-BF4B-00C04F79EFBC}") = "FileConfig", "FileConfig\FileConfig\FileConfig.csproj", "{911DEC0E-B0FE-4CB1-905C-79EDAF9B6FDD}"
EndProject
Project("{54435603-DBB4-11D2-8724-00A0C9A8B90C}") = "Instal-SetUp", "Install-SetUp\Install-SetUp.vdproj", "{B10422E3-F911-4E0A-B45A-D39F34E9EBD7}"
EndProject
Global
	GlobalSection(SolutionConfigurationPlatforms) = preSolution
		Debug|Any CPU = Debug|Any CPU
		Release|Any CPU = Release|Any CPU
	EndGlobalSection
	GlobalSection(ProjectConfigurationPlatforms) = postSolution
		{37AFFF14-3DA7-4912-91B6-3C181B78C0DF}.Debug|Any CPU.ActiveCfg = Debug|Any CPU
		{37AFFF14-3DA7-4912-91B6-3C181B78C0DF}.Debug|Any CPU.Build.0 = Debug|Any CPU
		{37AFFF14-3DA7-4912-91B6-3C181B78C0DF}.Release|Any CPU.ActiveCfg = Release|Any CPU
		{37AFFF14-3DA7-4912-91B6-3C181B78C0DF}.Release|Any CPU.Build.0 = Release|Any CPU
		{89A3110F-9BEF-44BD-AE5D-2ABBD7D7A676}.Debug|Any CPU.ActiveCfg = Debug|Any CPU
		{89A3110F-9BEF-44BD-AE5D-2ABBD7D7A676}.Debug|Any CPU.Build.0 = Debug|Any CPU
		{89A3110F-9BEF-44BD-AE5D-2ABBD7D7A676}.Release|Any CPU.ActiveCfg = Release|Any CPU
		{89A3110F-9BEF-44BD-AE5D-2ABBD7D7A676}.Release|Any CPU.Build.0 = Release|Any CPU
		{911DEC0E-B0FE-4CB1-905C-79EDAF9B6FDD}.Debug|Any CPU.ActiveCfg = Debug|Any CPU
		{911DEC0E-B0FE-4CB1-905C-79EDAF9B6FDD}.Debug|Any CPU.Build.0 = Debug|Any CPU
		{911DEC0E-B0FE-4CB1-905C-79EDAF9B6FDD}.Release|Any CPU.ActiveCfg = Release|Any CPU
		{911DEC0E-B0FE-4CB1-905C-79EDAF9B6FDD}.Release|Any CPU.Build.0 = Release|Any CPU
		{B10422E3-F911-4E0A-B45A-D39F34E9EBD7}.Debug|Any CPU.ActiveCfg = Debug
		{B10422E3-F911-4E0A-B45A-D39F34E9EBD7}.Debug|Any CPU.Build.0 = Debug
		{B10422E3-F911-4E0A-B45A-D39F34E9EBD7}.Release|Any CPU.ActiveCfg = Release
		{B10422E3-F911-4E0A-B45A-D39F34E9EBD7}.Release|Any CPU.Build.0 = Release
	EndGlobalSection
	GlobalSection(SolutionProperties) = preSolution
		HideSolutionNode = FALSE
	EndGlobalSection
	GlobalSection(ExtensibilityGlobals) = postSolution
		SolutionGuid = {CAB80412-D201-42A6-81B7-4AF981B1C0FE}
	EndGlobalSection
EndGlobal
